
Microsoft Visual Studio Solution File, Format Version 12.00
# Visual Studio Version 16
VisualStudioVersion = 16.0.29411.108
MinimumVisualStudioVersion = 10.0.40219.1
Project("{FAE04EC0-301F-11D3-BF4B-00C04F79EFBC}") = "Test Tool Selenium", "Test Tool Selenium\Test Tool Selenium.csproj", "{CD869BB9-2719-4ABB-A9DE-14A385B50661}"
EndProject
Global
	GlobalSection(SolutionConfigurationPlatforms) = preSolution
		Debug|Any CPU = Debug|Any CPU
		Release|Any CPU = Release|Any CPU
	EndGlobalSection
	GlobalSection(ProjectConfigurationPlatforms) = postSolution
		{CD869BB9-2719-4ABB-A9DE-14A385B50661}.Debug|Any CPU.ActiveCfg = Debug|Any CPU
		{CD869BB9-2719-4ABB-A9DE-14A385B50661}.Debug|Any CPU.Build.0 = Debug|Any CPU
		{CD869BB9-2719-4ABB-A9DE-14A385B50661}.Release|Any CPU.ActiveCfg = Release|Any CPU
		{CD869BB9-2719-4ABB-A9DE-14A385B50661}.Release|Any CPU.Build.0 = Release|Any CPU
	EndGlobalSection
	GlobalSection(SolutionProperties) = preSolution
		HideSolutionNode = FALSE
	EndGlobalSection
	GlobalSection(ExtensibilityGlobals) = postSolution
		SolutionGuid = {951AD2EA-F136-4813-BC33-182A38CCA86D}
	EndGlobalSection
EndGlobal
